# THIS IS AN AUTOGENERATED FILE. DO NOT EDIT THIS FILE DIRECTLY.
# yarn lockfile v1


ngx-url-state@^0.0.2:
  version "0.0.2"
  resolved "https://registry.yarnpkg.com/ngx-url-state/-/ngx-url-state-0.0.2.tgz#eecf8582746b655d179518144a0d6a4a3c4c950c"
  integrity sha512-ttW2zuSNMyp0buJQid/cMB4na4zcktQBEBU3OlXvcN2A/xbKpdXPkoc5w8wYYL49PYjIoJFMe7g/srUtbO22Sw==
